// !$*UTF8*$!
{
	archiveVersion = 1;
	classes = {
	};
	objectVersion = 55;
	objects = {

/* Begin PBXBuildFile section */
		BC0A213F2875A9DE0099E98F /* PublisherVC.swift in Sources */ = {isa = PBXBuildFile; fileRef = BC0A213E2875A9DE0099E98F /* PublisherVC.swift */; };
		BC0A215128771E940099E98F /* KVObserving.swift in Sources */ = {isa = PBXBuildFile; fileRef = BC0A215028771E940099E98F /* KVObserving.swift */; };
		BC0A2153287724010099E98F /* User.swift in Sources */ = {isa = PBXBuildFile; fileRef = BC0A2152287724010099E98F /* User.swift */; };
		BC0A2156287724A10099E98F /* NetworkManager.swift in Sources */ = {isa = PBXBuildFile; fileRef = BC0A2155287724A10099E98F /* NetworkManager.swift */; };
		BCD2DD332870A412007889E6 /* AppDelegate.swift in Sources */ = {isa = PBXBuildFile; fileRef = BCD2DD322870A412007889E6 /* AppDelegate.swift */; };
		BCD2DD352870A412007889E6 /* SceneDelegate.swift in Sources */ = {isa = PBXBuildFile; fileRef = BCD2DD342870A412007889E6 /* SceneDelegate.swift */; };
		BCD2DD372870A412007889E6 /* MoveBoxVC.swift in Sources */ = {isa = PBXBuildFile; fileRef = BCD2DD362870A412007889E6 /* MoveBoxVC.swift */; };
		BCD2DD3C2870A414007889E6 /* Assets.xcassets in Resources */ = {isa = PBXBuildFile; fileRef = BCD2DD3B2870A414007889E6 /* Assets.xcassets */; };
		BCD2DD3F2870A414007889E6 /* LaunchScreen.storyboard in Resources */ = {isa = PBXBuildFile; fileRef = BCD2DD3D2870A414007889E6 /* LaunchScreen.storyboard */; };
		BCD2DD472870A905007889E6 /* UIView+Ext.swift in Sources */ = {isa = PBXBuildFile; fileRef = BCD2DD462870A905007889E6 /* UIView+Ext.swift */; };
		BCD2DD492870AACA007889E6 /* GenericImageView.swift in Sources */ = {isa = PBXBuildFile; fileRef = BCD2DD482870AACA007889E6 /* GenericImageView.swift */; };
		BCD2DD4B2870AAF1007889E6 /* Constants.swift in Sources */ = {isa = PBXBuildFile; fileRef = BCD2DD4A2870AAF1007889E6 /* Constants.swift */; };
		BCD2DD4F2871C588007889E6 /* CustomTabBarController.swift in Sources */ = {isa = PBXBuildFile; fileRef = BCD2DD4E2871C588007889E6 /* CustomTabBarController.swift */; };
		BCD2DD512871C66C007889E6 /* UnlockVC.swift in Sources */ = {isa = PBXBuildFile; fileRef = BCD2DD502871C66C007889E6 /* UnlockVC.swift */; };
		BCD2DD5C2871E657007889E6 /* CustomView.swift in Sources */ = {isa = PBXBuildFile; fileRef = BCD2DD5B2871E657007889E6 /* CustomView.swift */; };
		BCE16BD428786FDC00F4AE99 /* CustomStackView.swift in Sources */ = {isa = PBXBuildFile; fileRef = BCE16BD328786FDC00F4AE99 /* CustomStackView.swift */; };
		BCE16BD728787C5B00F4AE99 /* ActionButton.swift in Sources */ = {isa = PBXBuildFile; fileRef = BCE16BD628787C5B00F4AE99 /* ActionButton.swift */; };
		BCE16BFE2879AAA300F4AE99 /* CustomLabel.swift in Sources */ = {isa = PBXBuildFile; fileRef = BCE16BFD2879AAA300F4AE99 /* CustomLabel.swift */; };
		BCE16C012879B2A300F4AE99 /* CustomTextField.swift in Sources */ = {isa = PBXBuildFile; fileRef = BCE16C002879B2A300F4AE99 /* CustomTextField.swift */; };
/* End PBXBuildFile section */

/* Begin PBXFileReference section */
		BC0A213E2875A9DE0099E98F /* PublisherVC.swift */ = {isa = PBXFileReference; lastKnownFileType = sourcecode.swift; path = PublisherVC.swift; sourceTree = "<group>"; };
		BC0A215028771E940099E98F /* KVObserving.swift */ = {isa = PBXFileReference; lastKnownFileType = sourcecode.swift; path = KVObserving.swift; sourceTree = "<group>"; };
		BC0A2152287724010099E98F /* User.swift */ = {isa = PBXFileReference; lastKnownFileType = sourcecode.swift; path = User.swift; sourceTree = "<group>"; };
		BC0A2155287724A10099E98F /* NetworkManager.swift */ = {isa = PBXFileReference; lastKnownFileType = sourcecode.swift; path = NetworkManager.swift; sourceTree = "<group>"; };
		BCD2DD2F2870A412007889E6 /* MoveBox.app */ = {isa = PBXFileReference; explicitFileType = wrapper.application; includeInIndex = 0; path = MoveBox.app; sourceTree = BUILT_PRODUCTS_DIR; };
		BCD2DD322870A412007889E6 /* AppDelegate.swift */ = {isa = PBXFileReference; lastKnownFileType = sourcecode.swift; path = AppDelegate.swift; sourceTree = "<group>"; };
		BCD2DD342870A412007889E6 /* SceneDelegate.swift */ = {isa = PBXFileReference; lastKnownFileType = sourcecode.swift; path = SceneDelegate.swift; sourceTree = "<group>"; };
		BCD2DD362870A412007889E6 /* MoveBoxVC.swift */ = {isa = PBXFileReference; lastKnownFileType = sourcecode.swift; path = MoveBoxVC.swift; sourceTree = "<group>"; };
		BCD2DD3B2870A414007889E6 /* Assets.xcassets */ = {isa = PBXFileReference; lastKnownFileType = folder.assetcatalog; path = Assets.xcassets; sourceTree = "<group>"; };
		BCD2DD3E2870A414007889E6 /* Base */ = {isa = PBXFileReference; lastKnownFileType = file.storyboard; name = Base; path = Base.lproj/LaunchScreen.storyboard; sourceTree = "<group>"; };
		BCD2DD402870A414007889E6 /* Info.plist */ = {isa = PBXFileReference; lastKnownFileType = text.plist.xml; path = Info.plist; sourceTree = "<group>"; };
		BCD2DD462870A905007889E6 /* UIView+Ext.swift */ = {isa = PBXFileReference; lastKnownFileType = sourcecode.swift; path = "UIView+Ext.swift"; sourceTree = "<group>"; };
		BCD2DD482870AACA007889E6 /* GenericImageView.swift */ = {isa = PBXFileReference; lastKnownFileType = sourcecode.swift; path = GenericImageView.swift; sourceTree = "<group>"; };
		BCD2DD4A2870AAF1007889E6 /* Constants.swift */ = {isa = PBXFileReference; lastKnownFileType = sourcecode.swift; path = Constants.swift; sourceTree = "<group>"; };
		BCD2DD4E2871C588007889E6 /* CustomTabBarController.swift */ = {isa = PBXFileReference; lastKnownFileType = sourcecode.swift; path = CustomTabBarController.swift; sourceTree = "<group>"; };
		BCD2DD502871C66C007889E6 /* UnlockVC.swift */ = {isa = PBXFileReference; lastKnownFileType = sourcecode.swift; path = UnlockVC.swift; sourceTree = "<group>"; };
		BCD2DD5B2871E657007889E6 /* CustomView.swift */ = {isa = PBXFileReference; lastKnownFileType = sourcecode.swift; path = CustomView.swift; sourceTree = "<group>"; };
		BCE16BD328786FDC00F4AE99 /* CustomStackView.swift */ = {isa = PBXFileReference; lastKnownFileType = sourcecode.swift; path = CustomStackView.swift; sourceTree = "<group>"; };
		BCE16BD628787C5B00F4AE99 /* ActionButton.swift */ = {isa = PBXFileReference; lastKnownFileType = sourcecode.swift; path = ActionButton.swift; sourceTree = "<group>"; };
		BCE16BFD2879AAA300F4AE99 /* CustomLabel.swift */ = {isa = PBXFileReference; lastKnownFileType = sourcecode.swift; path = CustomLabel.swift; sourceTree = "<group>"; };
		BCE16C002879B2A300F4AE99 /* CustomTextField.swift */ = {isa = PBXFileReference; lastKnownFileType = sourcecode.swift; path = CustomTextField.swift; sourceTree = "<group>"; };
/* End PBXFileReference section */

/* Begin PBXFrameworksBuildPhase section */
		BCD2DD2C2870A412007889E6 /* Frameworks */ = {
			isa = PBXFrameworksBuildPhase;
			buildActionMask = 2147483647;
			files = (
			);
			runOnlyForDeploymentPostprocessing = 0;
		};
/* End PBXFrameworksBuildPhase section */

/* Begin PBXGroup section */
		BC0A2154287724060099E98F /* Models */ = {
			isa = PBXGroup;
			children = (
				BC0A2152287724010099E98F /* User.swift */,
			);
			path = Models;
			sourceTree = "<group>";
		};
		BC0A2157287724DF0099E98F /* Managers */ = {
			isa = PBXGroup;
			children = (
				BC0A2155287724A10099E98F /* NetworkManager.swift */,
			);
			path = Managers;
			sourceTree = "<group>";
		};
		BCD2DD262870A412007889E6 = {
			isa = PBXGroup;
			children = (
				BCD2DD312870A412007889E6 /* MoveBox */,
				BCD2DD302870A412007889E6 /* Products */,
			);
			sourceTree = "<group>";
		};
		BCD2DD302870A412007889E6 /* Products */ = {
			isa = PBXGroup;
			children = (
				BCD2DD2F2870A412007889E6 /* MoveBox.app */,
			);
			name = Products;
			sourceTree = "<group>";
		};
		BCD2DD312870A412007889E6 /* MoveBox */ = {
			isa = PBXGroup;
			children = (
				BC0A2157287724DF0099E98F /* Managers */,
				BC0A2154287724060099E98F /* Models */,
				BCD2DD552871D393007889E6 /* Screens */,
				BCD2DD562871D3BD007889E6 /* Custom Views */,
				BCD2DD592871D482007889E6 /* Extensions */,
				BCD2DD5A2871D499007889E6 /* Utilities */,
				BCD2DD542871D380007889E6 /* Support */,
				BCD2DD3B2870A414007889E6 /* Assets.xcassets */,
				BCD2DD3D2870A414007889E6 /* LaunchScreen.storyboard */,
				BCD2DD402870A414007889E6 /* Info.plist */,
			);
			path = MoveBox;
			sourceTree = "<group>";
		};
		BCD2DD542871D380007889E6 /* Support */ = {
			isa = PBXGroup;
			children = (
				BCD2DD322870A412007889E6 /* AppDelegate.swift */,
				BCD2DD342870A412007889E6 /* SceneDelegate.swift */,
			);
			path = Support;
			sourceTree = "<group>";
		};
		BCD2DD552871D393007889E6 /* Screens */ = {
			isa = PBXGroup;
			children = (
				BCD2DD362870A412007889E6 /* MoveBoxVC.swift */,
				BCD2DD502871C66C007889E6 /* UnlockVC.swift */,
				BC0A213E2875A9DE0099E98F /* PublisherVC.swift */,
				BC0A215028771E940099E98F /* KVObserving.swift */,
			);
			path = Screens;
			sourceTree = "<group>";
		};
		BCD2DD562871D3BD007889E6 /* Custom Views */ = {
			isa = PBXGroup;
			children = (
				BCD2DD572871D3C8007889E6 /* Images */,
				BCD2DD582871D3D4007889E6 /* TabBarControllers */,
				BCD2DD5D2871E7F1007889E6 /* UIViews */,
				BCE16BD528786FE100F4AE99 /* UIStackViews */,
				BCE16BD828787C5F00F4AE99 /* UIButtons */,
				BCE16BFF2879AAAC00F4AE99 /* UILabels */,
				BCE16C022879B5D700F4AE99 /* UITextFields */,
			);
			path = "Custom Views";
			sourceTree = "<group>";
		};
		BCD2DD572871D3C8007889E6 /* Images */ = {
			isa = PBXGroup;
			children = (
				BCD2DD482870AACA007889E6 /* GenericImageView.swift */,
			);
			path = Images;
			sourceTree = "<group>";
		};
		BCD2DD582871D3D4007889E6 /* TabBarControllers */ = {
			isa = PBXGroup;
			children = (
				BCD2DD4E2871C588007889E6 /* CustomTabBarController.swift */,
			);
			path = TabBarControllers;
			sourceTree = "<group>";
		};
		BCD2DD592871D482007889E6 /* Extensions */ = {
			isa = PBXGroup;
			children = (
				BCD2DD462870A905007889E6 /* UIView+Ext.swift */,
			);
			path = Extensions;
			sourceTree = "<group>";
		};
		BCD2DD5A2871D499007889E6 /* Utilities */ = {
			isa = PBXGroup;
			children = (
				BCD2DD4A2870AAF1007889E6 /* Constants.swift */,
			);
			path = Utilities;
			sourceTree = "<group>";
		};
		BCD2DD5D2871E7F1007889E6 /* UIViews */ = {
			isa = PBXGroup;
			children = (
				BCD2DD5B2871E657007889E6 /* CustomView.swift */,
			);
			path = UIViews;
			sourceTree = "<group>";
		};
		BCE16BD528786FE100F4AE99 /* UIStackViews */ = {
			isa = PBXGroup;
			children = (
				BCE16BD328786FDC00F4AE99 /* CustomStackView.swift */,
			);
			path = UIStackViews;
			sourceTree = "<group>";
		};
		BCE16BD828787C5F00F4AE99 /* UIButtons */ = {
			isa = PBXGroup;
			children = (
				BCE16BD628787C5B00F4AE99 /* ActionButton.swift */,
			);
			path = UIButtons;
			sourceTree = "<group>";
		};
		BCE16BFF2879AAAC00F4AE99 /* UILabels */ = {
			isa = PBXGroup;
			children = (
				BCE16BFD2879AAA300F4AE99 /* CustomLabel.swift */,
			);
			path = UILabels;
			sourceTree = "<group>";
		};
		BCE16C022879B5D700F4AE99 /* UITextFields */ = {
			isa = PBXGroup;
			children = (
				BCE16C002879B2A300F4AE99 /* CustomTextField.swift */,
			);
			path = UITextFields;
			sourceTree = "<group>";
		};
/* End PBXGroup section */

/* Begin PBXNativeTarget section */
		BCD2DD2E2870A412007889E6 /* MoveBox */ = {
			isa = PBXNativeTarget;
			buildConfigurationList = BCD2DD432870A414007889E6 /* Build configuration list for PBXNativeTarget "MoveBox" */;
			buildPhases = (
				BCD2DD2B2870A412007889E6 /* Sources */,
				BCD2DD2C2870A412007889E6 /* Frameworks */,
				BCD2DD2D2870A412007889E6 /* Resources */,
			);
			buildRules = (
			);
			dependencies = (
			);
			name = MoveBox;
			productName = MoveBox;
			productReference = BCD2DD2F2870A412007889E6 /* MoveBox.app */;
			productType = "com.apple.product-type.application";
		};
/* End PBXNativeTarget section */

/* Begin PBXProject section */
		BCD2DD272870A412007889E6 /* Project object */ = {
			isa = PBXProject;
			attributes = {
				BuildIndependentTargetsInParallel = 1;
				LastSwiftUpdateCheck = 1320;
				LastUpgradeCheck = 1320;
				TargetAttributes = {
					BCD2DD2E2870A412007889E6 = {
						CreatedOnToolsVersion = 13.2.1;
					};
				};
			};
			buildConfigurationList = BCD2DD2A2870A412007889E6 /* Build configuration list for PBXProject "MoveBox" */;
			compatibilityVersion = "Xcode 13.0";
			developmentRegion = en;
			hasScannedForEncodings = 0;
			knownRegions = (
				en,
				Base,
			);
			mainGroup = BCD2DD262870A412007889E6;
			productRefGroup = BCD2DD302870A412007889E6 /* Products */;
			projectDirPath = "";
			projectRoot = "";
			targets = (
				BCD2DD2E2870A412007889E6 /* MoveBox */,
			);
		};
/* End PBXProject section */

/* Begin PBXResourcesBuildPhase section */
		BCD2DD2D2870A412007889E6 /* Resources */ = {
			isa = PBXResourcesBuildPhase;
			buildActionMask = 2147483647;
			files = (
				BCD2DD3F2870A414007889E6 /* LaunchScreen.storyboard in Resources */,
				BCD2DD3C2870A414007889E6 /* Assets.xcassets in Resources */,
			);
			runOnlyForDeploymentPostprocessing = 0;
		};
/* End PBXResourcesBuildPhase section */

/* Begin PBXSourcesBuildPhase section */
		BCD2DD2B2870A412007889E6 /* Sources */ = {
			isa = PBXSourcesBuildPhase;
			buildActionMask = 2147483647;
			files = (
				BCD2DD472870A905007889E6 /* UIView+Ext.swift in Sources */,
				BCD2DD4F2871C588007889E6 /* CustomTabBarController.swift in Sources */,
				BCD2DD492870AACA007889E6 /* GenericImageView.swift in Sources */,
				BC0A2156287724A10099E98F /* NetworkManager.swift in Sources */,
				BCE16BD428786FDC00F4AE99 /* CustomStackView.swift in Sources */,
				BC0A213F2875A9DE0099E98F /* PublisherVC.swift in Sources */,
				BCD2DD372870A412007889E6 /* MoveBoxVC.swift in Sources */,
				BCE16BFE2879AAA300F4AE99 /* CustomLabel.swift in Sources */,
				BCE16C012879B2A300F4AE99 /* CustomTextField.swift in Sources */,
				BCD2DD332870A412007889E6 /* AppDelegate.swift in Sources */,
				BCD2DD5C2871E657007889E6 /* CustomView.swift in Sources */,
				BCD2DD512871C66C007889E6 /* UnlockVC.swift in Sources */,
				BC0A2153287724010099E98F /* User.swift in Sources */,
				BC0A215128771E940099E98F /* KVObserving.swift in Sources */,
				BCD2DD352870A412007889E6 /* SceneDelegate.swift in Sources */,
				BCD2DD4B2870AAF1007889E6 /* Constants.swift in Sources */,
				BCE16BD728787C5B00F4AE99 /* ActionButton.swift in Sources */,
			);
			runOnlyForDeploymentPostprocessing = 0;
		};
/* End PBXSourcesBuildPhase section */

/* Begin PBXVariantGroup section */
		BCD2DD3D2870A414007889E6 /* LaunchScreen.storyboard */ = {
			isa = PBXVariantGroup;
			children = (
				BCD2DD3E2870A414007889E6 /* Base */,
			);
			name = LaunchScreen.storyboard;
			sourceTree = "<group>";
		};
/* End PBXVariantGroup section */

/* Begin XCBuildConfiguration section */
		BCD2DD412870A414007889E6 /* Debug */ = {
			isa = XCBuildConfiguration;
			buildSettings = {
				ALWAYS_SEARCH_USER_PATHS = NO;
				CLANG_ANALYZER_NONNULL = YES;
				CLANG_ANALYZER_NUMBER_OBJECT_CONVERSION = YES_AGGRESSIVE;
				CLANG_CXX_LANGUAGE_STANDARD = "gnu++17";
				CLANG_CXX_LIBRARY = "libc++";
				CLANG_ENABLE_MODULES = YES;
				CLANG_ENABLE_OBJC_ARC = YES;
				CLANG_ENABLE_OBJC_WEAK = YES;
				CLANG_WARN_BLOCK_CAPTURE_AUTORELEASING = YES;
				CLANG_WARN_BOOL_CONVERSION = YES;
				CLANG_WARN_COMMA = YES;
				CLANG_WARN_CONSTANT_CONVERSION = YES;
				CLANG_WARN_DEPRECATED_OBJC_IMPLEMENTATIONS = YES;
				CLANG_WARN_DIRECT_OBJC_ISA_USAGE = YES_ERROR;
				CLANG_WARN_DOCUMENTATION_COMMENTS = YES;
				CLANG_WARN_EMPTY_BODY = YES;
				CLANG_WARN_ENUM_CONVERSION = YES;
				CLANG_WARN_INFINITE_RECURSION = YES;
				CLANG_WARN_INT_CONVERSION = YES;
				CLANG_WARN_NON_LITERAL_NULL_CONVERSION = YES;
				CLANG_WARN_OBJC_IMPLICIT_RETAIN_SELF = YES;
				CLANG_WARN_OBJC_LITERAL_CONVERSION = YES;
				CLANG_WARN_OBJC_ROOT_CLASS = YES_ERROR;
				CLANG_WARN_QUOTED_INCLUDE_IN_FRAMEWORK_HEADER = YES;
				CLANG_WARN_RANGE_LOOP_ANALYSIS = YES;
				CLANG_WARN_STRICT_PROTOTYPES = YES;
				CLANG_WARN_SUSPICIOUS_MOVE = YES;
				CLANG_WARN_UNGUARDED_AVAILABILITY = YES_AGGRESSIVE;
				CLANG_WARN_UNREACHABLE_CODE = YES;
				CLANG_WARN__DUPLICATE_METHOD_MATCH = YES;
				COPY_PHASE_STRIP = NO;
				DEBUG_INFORMATION_FORMAT = dwarf;
				ENABLE_STRICT_OBJC_MSGSEND = YES;
				ENABLE_TESTABILITY = YES;
				GCC_C_LANGUAGE_STANDARD = gnu11;
				GCC_DYNAMIC_NO_PIC = NO;
				GCC_NO_COMMON_BLOCKS = YES;
				GCC_OPTIMIZATION_LEVEL = 0;
				GCC_PREPROCESSOR_DEFINITIONS = (
					"DEBUG=1",
					"$(inherited)",
				);
				GCC_WARN_64_TO_32_BIT_CONVERSION = YES;
				GCC_WARN_ABOUT_RETURN_TYPE = YES_ERROR;
				GCC_WARN_UNDECLARED_SELECTOR = YES;
				GCC_WARN_UNINITIALIZED_AUTOS = YES_AGGRESSIVE;
				GCC_WARN_UNUSED_FUNCTION = YES;
				GCC_WARN_UNUSED_VARIABLE = YES;
				IPHONEOS_DEPLOYMENT_TARGET = 15.2;
				MTL_ENABLE_DEBUG_INFO = INCLUDE_SOURCE;
				MTL_FAST_MATH = YES;
				ONLY_ACTIVE_ARCH = YES;
				SDKROOT = iphoneos;
				SWIFT_ACTIVE_COMPILATION_CONDITIONS = DEBUG;
				SWIFT_OPTIMIZATION_LEVEL = "-Onone";
			};
			name = Debug;
		};
		BCD2DD422870A414007889E6 /* Release */ = {
			isa = XCBuildConfiguration;
			buildSettings = {
				ALWAYS_SEARCH_USER_PATHS = NO;
				CLANG_ANALYZER_NONNULL = YES;
				CLANG_ANALYZER_NUMBER_OBJECT_CONVERSION = YES_AGGRESSIVE;
				CLANG_CXX_LANGUAGE_STANDARD = "gnu++17";
				CLANG_CXX_LIBRARY = "libc++";
				CLANG_ENABLE_MODULES = YES;
				CLANG_ENABLE_OBJC_ARC = YES;
				CLANG_ENABLE_OBJC_WEAK = YES;
				CLANG_WARN_BLOCK_CAPTURE_AUTORELEASING = YES;
				CLANG_WARN_BOOL_CONVERSION = YES;
				CLANG_WARN_COMMA = YES;
				CLANG_WARN_CONSTANT_CONVERSION = YES;
				CLANG_WARN_DEPRECATED_OBJC_IMPLEMENTATIONS = YES;
				CLANG_WARN_DIRECT_OBJC_ISA_USAGE = YES_ERROR;
				CLANG_WARN_DOCUMENTATION_COMMENTS = YES;
				CLANG_WARN_EMPTY_BODY = YES;
				CLANG_WARN_ENUM_CONVERSION = YES;
				CLANG_WARN_INFINITE_RECURSION = YES;
				CLANG_WARN_INT_CONVERSION = YES;
				CLANG_WARN_NON_LITERAL_NULL_CONVERSION = YES;
				CLANG_WARN_OBJC_IMPLICIT_RETAIN_SELF = YES;
				CLANG_WARN_OBJC_LITERAL_CONVERSION = YES;
				CLANG_WARN_OBJC_ROOT_CLASS = YES_ERROR;
				CLANG_WARN_QUOTED_INCLUDE_IN_FRAMEWORK_HEADER = YES;
				CLANG_WARN_RANGE_LOOP_ANALYSIS = YES;
				CLANG_WARN_STRICT_PROTOTYPES = YES;
				CLANG_WARN_SUSPICIOUS_MOVE = YES;
				CLANG_WARN_UNGUARDED_AVAILABILITY = YES_AGGRESSIVE;
				CLANG_WARN_UNREACHABLE_CODE = YES;
				CLANG_WARN__DUPLICATE_METHOD_MATCH = YES;
				COPY_PHASE_STRIP = NO;
				DEBUG_INFORMATION_FORMAT = "dwarf-with-dsym";
				ENABLE_NS_ASSERTIONS = NO;
				ENABLE_STRICT_OBJC_MSGSEND = YES;
				GCC_C_LANGUAGE_STANDARD = gnu11;
				GCC_NO_COMMON_BLOCKS = YES;
				GCC_WARN_64_TO_32_BIT_CONVERSION = YES;
				GCC_WARN_ABOUT_RETURN_TYPE = YES_ERROR;
				GCC_WARN_UNDECLARED_SELECTOR = YES;
				GCC_WARN_UNINITIALIZED_AUTOS = YES_AGGRESSIVE;
				GCC_WARN_UNUSED_FUNCTION = YES;
				GCC_WARN_UNUSED_VARIABLE = YES;
				IPHONEOS_DEPLOYMENT_TARGET = 15.2;
				MTL_ENABLE_DEBUG_INFO = NO;
				MTL_FAST_MATH = YES;
				SDKROOT = iphoneos;
				SWIFT_COMPILATION_MODE = wholemodule;
				SWIFT_OPTIMIZATION_LEVEL = "-O";
				VALIDATE_PRODUCT = YES;
			};
			name = Release;
		};
		BCD2DD442870A414007889E6 /* Debug */ = {
			isa = XCBuildConfiguration;
			buildSettings = {
				ASSETCATALOG_COMPILER_APPICON_NAME = AppIcon;
				ASSETCATALOG_COMPILER_GLOBAL_ACCENT_COLOR_NAME = AccentColor;
				CODE_SIGN_STYLE = Automatic;
				CURRENT_PROJECT_VERSION = 1;
				DEVELOPMENT_TEAM = K33FXWL25N;
				GENERATE_INFOPLIST_FILE = YES;
				INFOPLIST_FILE = MoveBox/Info.plist;
				INFOPLIST_KEY_UIApplicationSupportsIndirectInputEvents = YES;
				INFOPLIST_KEY_UILaunchStoryboardName = LaunchScreen;
				INFOPLIST_KEY_UISupportedInterfaceOrientations_iPad = "UIInterfaceOrientationPortrait UIInterfaceOrientationPortraitUpsideDown UIInterfaceOrientationLandscapeLeft UIInterfaceOrientationLandscapeRight";
				INFOPLIST_KEY_UISupportedInterfaceOrientations_iPhone = "UIInterfaceOrientationPortrait UIInterfaceOrientationLandscapeLeft UIInterfaceOrientationLandscapeRight";
				LD_RUNPATH_SEARCH_PATHS = (
					"$(inherited)",
					"@executable_path/Frameworks",
				);
				MARKETING_VERSION = 1.0;
				PRODUCT_BUNDLE_IDENTIFIER = co.AOS.MoveBox;
				PRODUCT_NAME = "$(TARGET_NAME)";
				SWIFT_EMIT_LOC_STRINGS = YES;
				SWIFT_VERSION = 5.0;
				TARGETED_DEVICE_FAMILY = "1,2";
			};
			name = Debug;
		};
		BCD2DD452870A414007889E6 /* Release */ = {
			isa = XCBuildConfiguration;
			buildSettings = {
				ASSETCATALOG_COMPILER_APPICON_NAME = AppIcon;
				ASSETCATALOG_COMPILER_GLOBAL_ACCENT_COLOR_NAME = AccentColor;
				CODE_SIGN_STYLE = Automatic;
				CURRENT_PROJECT_VERSION = 1;
				DEVELOPMENT_TEAM = K33FXWL25N;
				GENERATE_INFOPLIST_FILE = YES;
				INFOPLIST_FILE = MoveBox/Info.plist;
				INFOPLIST_KEY_UIApplicationSupportsIndirectInputEvents = YES;
				INFOPLIST_KEY_UILaunchStoryboardName = LaunchScreen;
				INFOPLIST_KEY_UISupportedInterfaceOrientations_iPad = "UIInterfaceOrientationPortrait UIInterfaceOrientationPortraitUpsideDown UIInterfaceOrientationLandscapeLeft UIInterfaceOrientationLandscapeRight";
				INFOPLIST_KEY_UISupportedInterfaceOrientations_iPhone = "UIInterfaceOrientationPortrait UIInterfaceOrientationLandscapeLeft UIInterfaceOrientationLandscapeRight";
				LD_RUNPATH_SEARCH_PATHS = (
					"$(inherited)",
					"@executable_path/Frameworks",
				);
				MARKETING_VERSION = 1.0;
				PRODUCT_BUNDLE_IDENTIFIER = co.AOS.MoveBox;
				PRODUCT_NAME = "$(TARGET_NAME)";
				SWIFT_EMIT_LOC_STRINGS = YES;
				SWIFT_VERSION = 5.0;
				TARGETED_DEVICE_FAMILY = "1,2";
			};
			name = Release;
		};
/* End XCBuildConfiguration section */

/* Begin XCConfigurationList section */
		BCD2DD2A2870A412007889E6 /* Build configuration list for PBXProject "MoveBox" */ = {
			isa = XCConfigurationList;
			buildConfigurations = (
				BCD2DD412870A414007889E6 /* Debug */,
				BCD2DD422870A414007889E6 /* Release */,
			);
			defaultConfigurationIsVisible = 0;
			defaultConfigurationName = Release;
		};
		BCD2DD432870A414007889E6 /* Build configuration list for PBXNativeTarget "MoveBox" */ = {
			isa = XCConfigurationList;
			buildConfigurations = (
				BCD2DD442870A414007889E6 /* Debug */,
				BCD2DD452870A414007889E6 /* Release */,
			);
			defaultConfigurationIsVisible = 0;
			defaultConfigurationName = Release;
		};
/* End XCConfigurationList section */
	};
	rootObject = BCD2DD272870A412007889E6 /* Project object */;
}
